
Microsoft Visual Studio Solution File, Format Version 12.00
# Visual Studio Version 17
VisualStudioVersion = 17.2.32526.322
MinimumVisualStudioVersion = 10.0.40219.1
Project("{2150E333-8FDC-42A3-9474-1A3956D46DE8}") = "tools", "tools", "{7EA828B0-92B8-4B6F-A0FE-619895A29DF2}"
EndProject
Project("{9A19103F-16F7-4668-BE54-9A1E7A4F7556}") = "MiCakeTemplate.Api", "src\MiCakeTemplate.Api\MiCakeTemplate.Api.csproj", "{0D5F7406-39EC-4DF7-9CC3-870A59CB47E1}"
EndProject
Project("{9A19103F-16F7-4668-BE54-9A1E7A4F7556}") = "MiCakeTemplate.DbTool", "tools\MiCakeTemplate.DbTool\MiCakeTemplate.DbTool.csproj", "{55ADBD31-4A37-4505-9F58-0255FDE2565F}"
EndProject
Project("{9A19103F-16F7-4668-BE54-9A1E7A4F7556}") = "MiCakeTemplate.Util", "src\MiCakeTemplate.Util\MiCakeTemplate.Util.csproj", "{B6850574-64D9-429B-8DC1-1845A999D272}"
EndProject
Project("{9A19103F-16F7-4668-BE54-9A1E7A4F7556}") = "MiCakeTemplate.EFCore", "src\MiCakeTemplate.EFCore\MiCakeTemplate.EFCore.csproj", "{44B6117C-7EB8-4C6E-8A57-112F0C48F841}"
EndProject
Project("{9A19103F-16F7-4668-BE54-9A1E7A4F7556}") = "MiCakeTemplate.Domain", "src\MiCakeTemplate.Domain\MiCakeTemplate.Domain.csproj", "{808371CA-7AC4-4F5E-A395-FDDF04933C5C}"
EndProject
Global
	GlobalSection(SolutionConfigurationPlatforms) = preSolution
		Debug|Any CPU = Debug|Any CPU
		Release|Any CPU = Release|Any CPU
	EndGlobalSection
	GlobalSection(ProjectConfigurationPlatforms) = postSolution
		{0D5F7406-39EC-4DF7-9CC3-870A59CB47E1}.Debug|Any CPU.ActiveCfg = Debug|Any CPU
		{0D5F7406-39EC-4DF7-9CC3-870A59CB47E1}.Debug|Any CPU.Build.0 = Debug|Any CPU
		{0D5F7406-39EC-4DF7-9CC3-870A59CB47E1}.Release|Any CPU.ActiveCfg = Release|Any CPU
		{0D5F7406-39EC-4DF7-9CC3-870A59CB47E1}.Release|Any CPU.Build.0 = Release|Any CPU
		{55ADBD31-4A37-4505-9F58-0255FDE2565F}.Debug|Any CPU.ActiveCfg = Debug|Any CPU
		{55ADBD31-4A37-4505-9F58-0255FDE2565F}.Debug|Any CPU.Build.0 = Debug|Any CPU
		{55ADBD31-4A37-4505-9F58-0255FDE2565F}.Release|Any CPU.ActiveCfg = Release|Any CPU
		{55ADBD31-4A37-4505-9F58-0255FDE2565F}.Release|Any CPU.Build.0 = Release|Any CPU
		{B6850574-64D9-429B-8DC1-1845A999D272}.Debug|Any CPU.ActiveCfg = Debug|Any CPU
		{B6850574-64D9-429B-8DC1-1845A999D272}.Debug|Any CPU.Build.0 = Debug|Any CPU
		{B6850574-64D9-429B-8DC1-1845A999D272}.Release|Any CPU.ActiveCfg = Release|Any CPU
		{B6850574-64D9-429B-8DC1-1845A999D272}.Release|Any CPU.Build.0 = Release|Any CPU
		{44B6117C-7EB8-4C6E-8A57-112F0C48F841}.Debug|Any CPU.ActiveCfg = Debug|Any CPU
		{44B6117C-7EB8-4C6E-8A57-112F0C48F841}.Debug|Any CPU.Build.0 = Debug|Any CPU
		{44B6117C-7EB8-4C6E-8A57-112F0C48F841}.Release|Any CPU.ActiveCfg = Release|Any CPU
		{44B6117C-7EB8-4C6E-8A57-112F0C48F841}.Release|Any CPU.Build.0 = Release|Any CPU
		{808371CA-7AC4-4F5E-A395-FDDF04933C5C}.Debug|Any CPU.ActiveCfg = Debug|Any CPU
		{808371CA-7AC4-4F5E-A395-FDDF04933C5C}.Debug|Any CPU.Build.0 = Debug|Any CPU
		{808371CA-7AC4-4F5E-A395-FDDF04933C5C}.Release|Any CPU.ActiveCfg = Release|Any CPU
		{808371CA-7AC4-4F5E-A395-FDDF04933C5C}.Release|Any CPU.Build.0 = Release|Any CPU
	EndGlobalSection
	GlobalSection(SolutionProperties) = preSolution
		HideSolutionNode = FALSE
	EndGlobalSection
	GlobalSection(NestedProjects) = preSolution
		{55ADBD31-4A37-4505-9F58-0255FDE2565F} = {7EA828B0-92B8-4B6F-A0FE-619895A29DF2}
	EndGlobalSection
	GlobalSection(ExtensibilityGlobals) = postSolution
		SolutionGuid = {9C25577E-89F4-4A54-B178-62EF04AF12E2}
	EndGlobalSection
EndGlobal
