
Microsoft Visual Studio Solution File, Format Version 12.00
# Visual Studio Version 17
VisualStudioVersion = 17.2.32526.322
MinimumVisualStudioVersion = 10.0.40219.1
Project("{2150E333-8FDC-42A3-9474-1A3956D46DE8}") = "tools", "tools", "{7EA828B0-92B8-4B6F-A0FE-619895A29DF2}"
EndProject
Project("{FAE04EC0-301F-11D3-BF4B-00C04F79EFBC}") = "MiCakeTemplate.Domain", "MiCakeTemplate.Domain\MiCakeTemplate.Domain.csproj", "{F2F5795E-232E-40BC-8DEE-726AE116BED7}"
EndProject
Project("{FAE04EC0-301F-11D3-BF4B-00C04F79EFBC}") = "MiCakeTemplate.Util", "MiCakeTemplate.Util\MiCakeTemplate.Util.csproj", "{3E707207-A210-4E5C-843A-873DB29C0891}"
EndProject
Project("{FAE04EC0-301F-11D3-BF4B-00C04F79EFBC}") = "MiCakeTemplate.EFCore", "MiCakeTemplate.EFCore\MiCakeTemplate.EFCore.csproj", "{149A38F7-2A20-4CA7-BD7F-236DF390AC8F}"
EndProject
Project("{FAE04EC0-301F-11D3-BF4B-00C04F79EFBC}") = "MiCakeTemplate.DbTool", "MiCakeTemplate.DbTool\MiCakeTemplate.DbTool.csproj", "{FEB56B3A-47CC-49BF-908F-8280BB65E4A6}"
EndProject
Project("{FAE04EC0-301F-11D3-BF4B-00C04F79EFBC}") = "MiCakeTemplate.Api", "MiCakeTemplate.Api\MiCakeTemplate.Api.csproj", "{03E8E779-0EA2-4813-9505-A217F7BB949C}"
EndProject
Global
	GlobalSection(SolutionConfigurationPlatforms) = preSolution
		Debug|Any CPU = Debug|Any CPU
		Release|Any CPU = Release|Any CPU
	EndGlobalSection
	GlobalSection(ProjectConfigurationPlatforms) = postSolution
		{F2F5795E-232E-40BC-8DEE-726AE116BED7}.Debug|Any CPU.ActiveCfg = Debug|Any CPU
		{F2F5795E-232E-40BC-8DEE-726AE116BED7}.Debug|Any CPU.Build.0 = Debug|Any CPU
		{F2F5795E-232E-40BC-8DEE-726AE116BED7}.Release|Any CPU.ActiveCfg = Release|Any CPU
		{F2F5795E-232E-40BC-8DEE-726AE116BED7}.Release|Any CPU.Build.0 = Release|Any CPU
		{3E707207-A210-4E5C-843A-873DB29C0891}.Debug|Any CPU.ActiveCfg = Debug|Any CPU
		{3E707207-A210-4E5C-843A-873DB29C0891}.Debug|Any CPU.Build.0 = Debug|Any CPU
		{3E707207-A210-4E5C-843A-873DB29C0891}.Release|Any CPU.ActiveCfg = Release|Any CPU
		{3E707207-A210-4E5C-843A-873DB29C0891}.Release|Any CPU.Build.0 = Release|Any CPU
		{149A38F7-2A20-4CA7-BD7F-236DF390AC8F}.Debug|Any CPU.ActiveCfg = Debug|Any CPU
		{149A38F7-2A20-4CA7-BD7F-236DF390AC8F}.Debug|Any CPU.Build.0 = Debug|Any CPU
		{149A38F7-2A20-4CA7-BD7F-236DF390AC8F}.Release|Any CPU.ActiveCfg = Release|Any CPU
		{149A38F7-2A20-4CA7-BD7F-236DF390AC8F}.Release|Any CPU.Build.0 = Release|Any CPU
		{FEB56B3A-47CC-49BF-908F-8280BB65E4A6}.Debug|Any CPU.ActiveCfg = Debug|Any CPU
		{FEB56B3A-47CC-49BF-908F-8280BB65E4A6}.Debug|Any CPU.Build.0 = Debug|Any CPU
		{FEB56B3A-47CC-49BF-908F-8280BB65E4A6}.Release|Any CPU.ActiveCfg = Release|Any CPU
		{FEB56B3A-47CC-49BF-908F-8280BB65E4A6}.Release|Any CPU.Build.0 = Release|Any CPU
		{03E8E779-0EA2-4813-9505-A217F7BB949C}.Debug|Any CPU.ActiveCfg = Debug|Any CPU
		{03E8E779-0EA2-4813-9505-A217F7BB949C}.Debug|Any CPU.Build.0 = Debug|Any CPU
		{03E8E779-0EA2-4813-9505-A217F7BB949C}.Release|Any CPU.ActiveCfg = Release|Any CPU
		{03E8E779-0EA2-4813-9505-A217F7BB949C}.Release|Any CPU.Build.0 = Release|Any CPU
	EndGlobalSection
	GlobalSection(SolutionProperties) = preSolution
		HideSolutionNode = FALSE
	EndGlobalSection
	GlobalSection(NestedProjects) = preSolution
		{FEB56B3A-47CC-49BF-908F-8280BB65E4A6} = {7EA828B0-92B8-4B6F-A0FE-619895A29DF2}
	EndGlobalSection
	GlobalSection(ExtensibilityGlobals) = postSolution
		SolutionGuid = {9C25577E-89F4-4A54-B178-62EF04AF12E2}
	EndGlobalSection
EndGlobal
