
Microsoft Visual Studio Solution File, Format Version 12.00
# Visual Studio Version 17
VisualStudioVersion = 17.0.31903.59
MinimumVisualStudioVersion = 10.0.40219.1
Project("{FAE04EC0-301F-11D3-BF4B-00C04F79EFBC}") = "StandardWeb.Application", "StandardWeb.Application\StandardWeb.Application.csproj", "{FBB5B468-0735-44EE-ABA3-6FFFB385D5A2}"
EndProject
Project("{FAE04EC0-301F-11D3-BF4B-00C04F79EFBC}") = "StandardWeb.Domain", "StandardWeb.Domain\StandardWeb.Domain.csproj", "{7298DE15-3858-4F62-BD1C-2138C32CD5B6}"
EndProject
Project("{FAE04EC0-301F-11D3-BF4B-00C04F79EFBC}") = "StandardWeb.Common", "StandardWeb.Common\StandardWeb.Common.csproj", "{E3A8123F-8A00-4CBC-A258-83261FA72902}"
EndProject
Project("{FAE04EC0-301F-11D3-BF4B-00C04F79EFBC}") = "StandardWeb.Web", "StandardWeb.Web\StandardWeb.Web.csproj", "{BE0F5D60-D73C-45FE-9AFF-052105A3A613}"
EndProject
Project("{FAE04EC0-301F-11D3-BF4B-00C04F79EFBC}") = "StandardWeb.Contracts", "StandardWeb.Contracts\StandardWeb.Contracts.csproj", "{0026D9A1-BAD4-4EC3-8C5B-63407BA1F926}"
EndProject
Project("{2150E333-8FDC-42A3-9474-1A3956D46DE8}") = "tool", "tool", "{C2B7AC55-755F-98EC-7131-AA75D4EC5C29}"
EndProject
Project("{FAE04EC0-301F-11D3-BF4B-00C04F79EFBC}") = "EfCoreMigrationApp", "EfCoreMigrationApp\EfCoreMigrationApp.csproj", "{B59381C3-E6C0-4D8D-BDC4-4E26E6B934ED}"
EndProject
Project("{2150E333-8FDC-42A3-9474-1A3956D46DE8}") = "test", "test", "{0C88DD14-F956-CE84-757C-A364CCF449FC}"
EndProject
Global
	GlobalSection(SolutionConfigurationPlatforms) = preSolution
		Debug|Any CPU = Debug|Any CPU
		Debug|x64 = Debug|x64
		Debug|x86 = Debug|x86
		Release|Any CPU = Release|Any CPU
		Release|x64 = Release|x64
		Release|x86 = Release|x86
	EndGlobalSection
	GlobalSection(ProjectConfigurationPlatforms) = postSolution
		{FBB5B468-0735-44EE-ABA3-6FFFB385D5A2}.Debug|Any CPU.ActiveCfg = Debug|Any CPU
		{FBB5B468-0735-44EE-ABA3-6FFFB385D5A2}.Debug|Any CPU.Build.0 = Debug|Any CPU
		{FBB5B468-0735-44EE-ABA3-6FFFB385D5A2}.Debug|x64.ActiveCfg = Debug|Any CPU
		{FBB5B468-0735-44EE-ABA3-6FFFB385D5A2}.Debug|x64.Build.0 = Debug|Any CPU
		{FBB5B468-0735-44EE-ABA3-6FFFB385D5A2}.Debug|x86.ActiveCfg = Debug|Any CPU
		{FBB5B468-0735-44EE-ABA3-6FFFB385D5A2}.Debug|x86.Build.0 = Debug|Any CPU
		{FBB5B468-0735-44EE-ABA3-6FFFB385D5A2}.Release|Any CPU.ActiveCfg = Release|Any CPU
		{FBB5B468-0735-44EE-ABA3-6FFFB385D5A2}.Release|Any CPU.Build.0 = Release|Any CPU
		{FBB5B468-0735-44EE-ABA3-6FFFB385D5A2}.Release|x64.ActiveCfg = Release|Any CPU
		{FBB5B468-0735-44EE-ABA3-6FFFB385D5A2}.Release|x64.Build.0 = Release|Any CPU
		{FBB5B468-0735-44EE-ABA3-6FFFB385D5A2}.Release|x86.ActiveCfg = Release|Any CPU
		{FBB5B468-0735-44EE-ABA3-6FFFB385D5A2}.Release|x86.Build.0 = Release|Any CPU
		{7298DE15-3858-4F62-BD1C-2138C32CD5B6}.Debug|Any CPU.ActiveCfg = Debug|Any CPU
		{7298DE15-3858-4F62-BD1C-2138C32CD5B6}.Debug|Any CPU.Build.0 = Debug|Any CPU
		{7298DE15-3858-4F62-BD1C-2138C32CD5B6}.Debug|x64.ActiveCfg = Debug|Any CPU
		{7298DE15-3858-4F62-BD1C-2138C32CD5B6}.Debug|x64.Build.0 = Debug|Any CPU
		{7298DE15-3858-4F62-BD1C-2138C32CD5B6}.Debug|x86.ActiveCfg = Debug|Any CPU
		{7298DE15-3858-4F62-BD1C-2138C32CD5B6}.Debug|x86.Build.0 = Debug|Any CPU
		{7298DE15-3858-4F62-BD1C-2138C32CD5B6}.Release|Any CPU.ActiveCfg = Release|Any CPU
		{7298DE15-3858-4F62-BD1C-2138C32CD5B6}.Release|Any CPU.Build.0 = Release|Any CPU
		{7298DE15-3858-4F62-BD1C-2138C32CD5B6}.Release|x64.ActiveCfg = Release|Any CPU
		{7298DE15-3858-4F62-BD1C-2138C32CD5B6}.Release|x64.Build.0 = Release|Any CPU
		{7298DE15-3858-4F62-BD1C-2138C32CD5B6}.Release|x86.ActiveCfg = Release|Any CPU
		{7298DE15-3858-4F62-BD1C-2138C32CD5B6}.Release|x86.Build.0 = Release|Any CPU
		{E3A8123F-8A00-4CBC-A258-83261FA72902}.Debug|Any CPU.ActiveCfg = Debug|Any CPU
		{E3A8123F-8A00-4CBC-A258-83261FA72902}.Debug|Any CPU.Build.0 = Debug|Any CPU
		{E3A8123F-8A00-4CBC-A258-83261FA72902}.Debug|x64.ActiveCfg = Debug|Any CPU
		{E3A8123F-8A00-4CBC-A258-83261FA72902}.Debug|x64.Build.0 = Debug|Any CPU
		{E3A8123F-8A00-4CBC-A258-83261FA72902}.Debug|x86.ActiveCfg = Debug|Any CPU
		{E3A8123F-8A00-4CBC-A258-83261FA72902}.Debug|x86.Build.0 = Debug|Any CPU
		{E3A8123F-8A00-4CBC-A258-83261FA72902}.Release|Any CPU.ActiveCfg = Release|Any CPU
		{E3A8123F-8A00-4CBC-A258-83261FA72902}.Release|Any CPU.Build.0 = Release|Any CPU
		{E3A8123F-8A00-4CBC-A258-83261FA72902}.Release|x64.ActiveCfg = Release|Any CPU
		{E3A8123F-8A00-4CBC-A258-83261FA72902}.Release|x64.Build.0 = Release|Any CPU
		{E3A8123F-8A00-4CBC-A258-83261FA72902}.Release|x86.ActiveCfg = Release|Any CPU
		{E3A8123F-8A00-4CBC-A258-83261FA72902}.Release|x86.Build.0 = Release|Any CPU
		{BE0F5D60-D73C-45FE-9AFF-052105A3A613}.Debug|Any CPU.ActiveCfg = Debug|Any CPU
		{BE0F5D60-D73C-45FE-9AFF-052105A3A613}.Debug|Any CPU.Build.0 = Debug|Any CPU
		{BE0F5D60-D73C-45FE-9AFF-052105A3A613}.Debug|x64.ActiveCfg = Debug|Any CPU
		{BE0F5D60-D73C-45FE-9AFF-052105A3A613}.Debug|x64.Build.0 = Debug|Any CPU
		{BE0F5D60-D73C-45FE-9AFF-052105A3A613}.Debug|x86.ActiveCfg = Debug|Any CPU
		{BE0F5D60-D73C-45FE-9AFF-052105A3A613}.Debug|x86.Build.0 = Debug|Any CPU
		{BE0F5D60-D73C-45FE-9AFF-052105A3A613}.Release|Any CPU.ActiveCfg = Release|Any CPU
		{BE0F5D60-D73C-45FE-9AFF-052105A3A613}.Release|Any CPU.Build.0 = Release|Any CPU
		{BE0F5D60-D73C-45FE-9AFF-052105A3A613}.Release|x64.ActiveCfg = Release|Any CPU
		{BE0F5D60-D73C-45FE-9AFF-052105A3A613}.Release|x64.Build.0 = Release|Any CPU
		{BE0F5D60-D73C-45FE-9AFF-052105A3A613}.Release|x86.ActiveCfg = Release|Any CPU
		{BE0F5D60-D73C-45FE-9AFF-052105A3A613}.Release|x86.Build.0 = Release|Any CPU
		{0026D9A1-BAD4-4EC3-8C5B-63407BA1F926}.Debug|Any CPU.ActiveCfg = Debug|Any CPU
		{0026D9A1-BAD4-4EC3-8C5B-63407BA1F926}.Debug|Any CPU.Build.0 = Debug|Any CPU
		{0026D9A1-BAD4-4EC3-8C5B-63407BA1F926}.Debug|x64.ActiveCfg = Debug|Any CPU
		{0026D9A1-BAD4-4EC3-8C5B-63407BA1F926}.Debug|x64.Build.0 = Debug|Any CPU
		{0026D9A1-BAD4-4EC3-8C5B-63407BA1F926}.Debug|x86.ActiveCfg = Debug|Any CPU
		{0026D9A1-BAD4-4EC3-8C5B-63407BA1F926}.Debug|x86.Build.0 = Debug|Any CPU
		{0026D9A1-BAD4-4EC3-8C5B-63407BA1F926}.Release|Any CPU.ActiveCfg = Release|Any CPU
		{0026D9A1-BAD4-4EC3-8C5B-63407BA1F926}.Release|Any CPU.Build.0 = Release|Any CPU
		{0026D9A1-BAD4-4EC3-8C5B-63407BA1F926}.Release|x64.ActiveCfg = Release|Any CPU
		{0026D9A1-BAD4-4EC3-8C5B-63407BA1F926}.Release|x64.Build.0 = Release|Any CPU
		{0026D9A1-BAD4-4EC3-8C5B-63407BA1F926}.Release|x86.ActiveCfg = Release|Any CPU
		{0026D9A1-BAD4-4EC3-8C5B-63407BA1F926}.Release|x86.Build.0 = Release|Any CPU
		{B59381C3-E6C0-4D8D-BDC4-4E26E6B934ED}.Debug|Any CPU.ActiveCfg = Debug|Any CPU
		{B59381C3-E6C0-4D8D-BDC4-4E26E6B934ED}.Debug|Any CPU.Build.0 = Debug|Any CPU
		{B59381C3-E6C0-4D8D-BDC4-4E26E6B934ED}.Debug|x64.ActiveCfg = Debug|Any CPU
		{B59381C3-E6C0-4D8D-BDC4-4E26E6B934ED}.Debug|x64.Build.0 = Debug|Any CPU
		{B59381C3-E6C0-4D8D-BDC4-4E26E6B934ED}.Debug|x86.ActiveCfg = Debug|Any CPU
		{B59381C3-E6C0-4D8D-BDC4-4E26E6B934ED}.Debug|x86.Build.0 = Debug|Any CPU
		{B59381C3-E6C0-4D8D-BDC4-4E26E6B934ED}.Release|Any CPU.ActiveCfg = Release|Any CPU
		{B59381C3-E6C0-4D8D-BDC4-4E26E6B934ED}.Release|Any CPU.Build.0 = Release|Any CPU
		{B59381C3-E6C0-4D8D-BDC4-4E26E6B934ED}.Release|x64.ActiveCfg = Release|Any CPU
		{B59381C3-E6C0-4D8D-BDC4-4E26E6B934ED}.Release|x64.Build.0 = Release|Any CPU
		{B59381C3-E6C0-4D8D-BDC4-4E26E6B934ED}.Release|x86.ActiveCfg = Release|Any CPU
		{B59381C3-E6C0-4D8D-BDC4-4E26E6B934ED}.Release|x86.Build.0 = Release|Any CPU
	EndGlobalSection
	GlobalSection(SolutionProperties) = preSolution
		HideSolutionNode = FALSE
	EndGlobalSection
	GlobalSection(NestedProjects) = preSolution
		{B59381C3-E6C0-4D8D-BDC4-4E26E6B934ED} = {C2B7AC55-755F-98EC-7131-AA75D4EC5C29}
	EndGlobalSection
EndGlobal
